
Microsoft Visual Studio Solution File, Format Version 12.00
# Visual Studio Version 17
VisualStudioVersion = 17.0.31903.59
MinimumVisualStudioVersion = 10.0.40219.1
Project("{2150E333-8FDC-42A3-9474-1A3956D46DE8}") = "src", "src", "{827E0CD3-B72D-47B6-A68D-7590B98EB39B}"
EndProject
Project("{FAE04EC0-301F-11D3-BF4B-00C04F79EFBC}") = "SmartGateway.Core", "src\SmartGateway.Core\SmartGateway.Core.csproj", "{1882755F-0F3B-4D22-8C99-1B4315221A33}"
EndProject
Project("{FAE04EC0-301F-11D3-BF4B-00C04F79EFBC}") = "SmartGateway.Host", "src\SmartGateway.Host\SmartGateway.Host.csproj", "{A6753EC9-3167-4CD3-9488-3212E77A0822}"
EndProject
Project("{FAE04EC0-301F-11D3-BF4B-00C04F79EFBC}") = "SmartGateway.Admin", "src\SmartGateway.Admin\SmartGateway.Admin.csproj", "{8411A2CD-085D-493C-9FE0-3BCC109F7F46}"
EndProject
Project("{FAE04EC0-301F-11D3-BF4B-00C04F79EFBC}") = "SmartGateway.Resilience", "src\SmartGateway.Resilience\SmartGateway.Resilience.csproj", "{4B4207C3-612C-48D7-834B-2F1A612095C4}"
EndProject
Project("{2150E333-8FDC-42A3-9474-1A3956D46DE8}") = "tests", "tests", "{0AB3BF05-4346-4AA6-1389-037BE0695223}"
EndProject
Project("{FAE04EC0-301F-11D3-BF4B-00C04F79EFBC}") = "SmartGateway.Core.Tests", "tests\SmartGateway.Core.Tests\SmartGateway.Core.Tests.csproj", "{7C168721-3F89-4ACB-88C0-703C8751A45E}"
EndProject
Project("{FAE04EC0-301F-11D3-BF4B-00C04F79EFBC}") = "SmartGateway.Host.Tests", "tests\SmartGateway.Host.Tests\SmartGateway.Host.Tests.csproj", "{420E1E01-BA7B-4CEA-88C9-9DD52BD2AD55}"
EndProject
Project("{FAE04EC0-301F-11D3-BF4B-00C04F79EFBC}") = "SmartGateway.Integration.Tests", "tests\SmartGateway.Integration.Tests\SmartGateway.Integration.Tests.csproj", "{2F8705D7-BE3A-4B23-A110-4491F87942A1}"
EndProject
Project("{FAE04EC0-301F-11D3-BF4B-00C04F79EFBC}") = "SmartGateway.Api", "src\SmartGateway.Api\SmartGateway.Api.csproj", "{122C7B0A-4EA1-4CA7-A91B-6D67E54AFF56}"
EndProject
Global
	GlobalSection(SolutionConfigurationPlatforms) = preSolution
		Debug|Any CPU = Debug|Any CPU
		Debug|x64 = Debug|x64
		Debug|x86 = Debug|x86
		Release|Any CPU = Release|Any CPU
		Release|x64 = Release|x64
		Release|x86 = Release|x86
	EndGlobalSection
	GlobalSection(ProjectConfigurationPlatforms) = postSolution
		{1882755F-0F3B-4D22-8C99-1B4315221A33}.Debug|Any CPU.ActiveCfg = Debug|Any CPU
		{1882755F-0F3B-4D22-8C99-1B4315221A33}.Debug|Any CPU.Build.0 = Debug|Any CPU
		{1882755F-0F3B-4D22-8C99-1B4315221A33}.Debug|x64.ActiveCfg = Debug|Any CPU
		{1882755F-0F3B-4D22-8C99-1B4315221A33}.Debug|x64.Build.0 = Debug|Any CPU
		{1882755F-0F3B-4D22-8C99-1B4315221A33}.Debug|x86.ActiveCfg = Debug|Any CPU
		{1882755F-0F3B-4D22-8C99-1B4315221A33}.Debug|x86.Build.0 = Debug|Any CPU
		{1882755F-0F3B-4D22-8C99-1B4315221A33}.Release|Any CPU.ActiveCfg = Release|Any CPU
		{1882755F-0F3B-4D22-8C99-1B4315221A33}.Release|Any CPU.Build.0 = Release|Any CPU
		{1882755F-0F3B-4D22-8C99-1B4315221A33}.Release|x64.ActiveCfg = Release|Any CPU
		{1882755F-0F3B-4D22-8C99-1B4315221A33}.Release|x64.Build.0 = Release|Any CPU
		{1882755F-0F3B-4D22-8C99-1B4315221A33}.Release|x86.ActiveCfg = Release|Any CPU
		{1882755F-0F3B-4D22-8C99-1B4315221A33}.Release|x86.Build.0 = Release|Any CPU
		{A6753EC9-3167-4CD3-9488-3212E77A0822}.Debug|Any CPU.ActiveCfg = Debug|Any CPU
		{A6753EC9-3167-4CD3-9488-3212E77A0822}.Debug|Any CPU.Build.0 = Debug|Any CPU
		{A6753EC9-3167-4CD3-9488-3212E77A0822}.Debug|x64.ActiveCfg = Debug|Any CPU
		{A6753EC9-3167-4CD3-9488-3212E77A0822}.Debug|x64.Build.0 = Debug|Any CPU
		{A6753EC9-3167-4CD3-9488-3212E77A0822}.Debug|x86.ActiveCfg = Debug|Any CPU
		{A6753EC9-3167-4CD3-9488-3212E77A0822}.Debug|x86.Build.0 = Debug|Any CPU
		{A6753EC9-3167-4CD3-9488-3212E77A0822}.Release|Any CPU.ActiveCfg = Release|Any CPU
		{A6753EC9-3167-4CD3-9488-3212E77A0822}.Release|Any CPU.Build.0 = Release|Any CPU
		{A6753EC9-3167-4CD3-9488-3212E77A0822}.Release|x64.ActiveCfg = Release|Any CPU
		{A6753EC9-3167-4CD3-9488-3212E77A0822}.Release|x64.Build.0 = Release|Any CPU
		{A6753EC9-3167-4CD3-9488-3212E77A0822}.Release|x86.ActiveCfg = Release|Any CPU
		{A6753EC9-3167-4CD3-9488-3212E77A0822}.Release|x86.Build.0 = Release|Any CPU
		{8411A2CD-085D-493C-9FE0-3BCC109F7F46}.Debug|Any CPU.ActiveCfg = Debug|Any CPU
		{8411A2CD-085D-493C-9FE0-3BCC109F7F46}.Debug|Any CPU.Build.0 = Debug|Any CPU
		{8411A2CD-085D-493C-9FE0-3BCC109F7F46}.Debug|x64.ActiveCfg = Debug|Any CPU
		{8411A2CD-085D-493C-9FE0-3BCC109F7F46}.Debug|x64.Build.0 = Debug|Any CPU
		{8411A2CD-085D-493C-9FE0-3BCC109F7F46}.Debug|x86.ActiveCfg = Debug|Any CPU
		{8411A2CD-085D-493C-9FE0-3BCC109F7F46}.Debug|x86.Build.0 = Debug|Any CPU
		{8411A2CD-085D-493C-9FE0-3BCC109F7F46}.Release|Any CPU.ActiveCfg = Release|Any CPU
		{8411A2CD-085D-493C-9FE0-3BCC109F7F46}.Release|Any CPU.Build.0 = Release|Any CPU
		{8411A2CD-085D-493C-9FE0-3BCC109F7F46}.Release|x64.ActiveCfg = Release|Any CPU
		{8411A2CD-085D-493C-9FE0-3BCC109F7F46}.Release|x64.Build.0 = Release|Any CPU
		{8411A2CD-085D-493C-9FE0-3BCC109F7F46}.Release|x86.ActiveCfg = Release|Any CPU
		{8411A2CD-085D-493C-9FE0-3BCC109F7F46}.Release|x86.Build.0 = Release|Any CPU
		{4B4207C3-612C-48D7-834B-2F1A612095C4}.Debug|Any CPU.ActiveCfg = Debug|Any CPU
		{4B4207C3-612C-48D7-834B-2F1A612095C4}.Debug|Any CPU.Build.0 = Debug|Any CPU
		{4B4207C3-612C-48D7-834B-2F1A612095C4}.Debug|x64.ActiveCfg = Debug|Any CPU
		{4B4207C3-612C-48D7-834B-2F1A612095C4}.Debug|x64.Build.0 = Debug|Any CPU
		{4B4207C3-612C-48D7-834B-2F1A612095C4}.Debug|x86.ActiveCfg = Debug|Any CPU
		{4B4207C3-612C-48D7-834B-2F1A612095C4}.Debug|x86.Build.0 = Debug|Any CPU
		{4B4207C3-612C-48D7-834B-2F1A612095C4}.Release|Any CPU.ActiveCfg = Release|Any CPU
		{4B4207C3-612C-48D7-834B-2F1A612095C4}.Release|Any CPU.Build.0 = Release|Any CPU
		{4B4207C3-612C-48D7-834B-2F1A612095C4}.Release|x64.ActiveCfg = Release|Any CPU
		{4B4207C3-612C-48D7-834B-2F1A612095C4}.Release|x64.Build.0 = Release|Any CPU
		{4B4207C3-612C-48D7-834B-2F1A612095C4}.Release|x86.ActiveCfg = Release|Any CPU
		{4B4207C3-612C-48D7-834B-2F1A612095C4}.Release|x86.Build.0 = Release|Any CPU
		{7C168721-3F89-4ACB-88C0-703C8751A45E}.Debug|Any CPU.ActiveCfg = Debug|Any CPU
		{7C168721-3F89-4ACB-88C0-703C8751A45E}.Debug|Any CPU.Build.0 = Debug|Any CPU
		{7C168721-3F89-4ACB-88C0-703C8751A45E}.Debug|x64.ActiveCfg = Debug|Any CPU
		{7C168721-3F89-4ACB-88C0-703C8751A45E}.Debug|x64.Build.0 = Debug|Any CPU
		{7C168721-3F89-4ACB-88C0-703C8751A45E}.Debug|x86.ActiveCfg = Debug|Any CPU
		{7C168721-3F89-4ACB-88C0-703C8751A45E}.Debug|x86.Build.0 = Debug|Any CPU
		{7C168721-3F89-4ACB-88C0-703C8751A45E}.Release|Any CPU.ActiveCfg = Release|Any CPU
		{7C168721-3F89-4ACB-88C0-703C8751A45E}.Release|Any CPU.Build.0 = Release|Any CPU
		{7C168721-3F89-4ACB-88C0-703C8751A45E}.Release|x64.ActiveCfg = Release|Any CPU
		{7C168721-3F89-4ACB-88C0-703C8751A45E}.Release|x64.Build.0 = Release|Any CPU
		{7C168721-3F89-4ACB-88C0-703C8751A45E}.Release|x86.ActiveCfg = Release|Any CPU
		{7C168721-3F89-4ACB-88C0-703C8751A45E}.Release|x86.Build.0 = Release|Any CPU
		{420E1E01-BA7B-4CEA-88C9-9DD52BD2AD55}.Debug|Any CPU.ActiveCfg = Debug|Any CPU
		{420E1E01-BA7B-4CEA-88C9-9DD52BD2AD55}.Debug|Any CPU.Build.0 = Debug|Any CPU
		{420E1E01-BA7B-4CEA-88C9-9DD52BD2AD55}.Debug|x64.ActiveCfg = Debug|Any CPU
		{420E1E01-BA7B-4CEA-88C9-9DD52BD2AD55}.Debug|x64.Build.0 = Debug|Any CPU
		{420E1E01-BA7B-4CEA-88C9-9DD52BD2AD55}.Debug|x86.ActiveCfg = Debug|Any CPU
		{420E1E01-BA7B-4CEA-88C9-9DD52BD2AD55}.Debug|x86.Build.0 = Debug|Any CPU
		{420E1E01-BA7B-4CEA-88C9-9DD52BD2AD55}.Release|Any CPU.ActiveCfg = Release|Any CPU
		{420E1E01-BA7B-4CEA-88C9-9DD52BD2AD55}.Release|Any CPU.Build.0 = Release|Any CPU
		{420E1E01-BA7B-4CEA-88C9-9DD52BD2AD55}.Release|x64.ActiveCfg = Release|Any CPU
		{420E1E01-BA7B-4CEA-88C9-9DD52BD2AD55}.Release|x64.Build.0 = Release|Any CPU
		{420E1E01-BA7B-4CEA-88C9-9DD52BD2AD55}.Release|x86.ActiveCfg = Release|Any CPU
		{420E1E01-BA7B-4CEA-88C9-9DD52BD2AD55}.Release|x86.Build.0 = Release|Any CPU
		{2F8705D7-BE3A-4B23-A110-4491F87942A1}.Debug|Any CPU.ActiveCfg = Debug|Any CPU
		{2F8705D7-BE3A-4B23-A110-4491F87942A1}.Debug|Any CPU.Build.0 = Debug|Any CPU
		{2F8705D7-BE3A-4B23-A110-4491F87942A1}.Debug|x64.ActiveCfg = Debug|Any CPU
		{2F8705D7-BE3A-4B23-A110-4491F87942A1}.Debug|x64.Build.0 = Debug|Any CPU
		{2F8705D7-BE3A-4B23-A110-4491F87942A1}.Debug|x86.ActiveCfg = Debug|Any CPU
		{2F8705D7-BE3A-4B23-A110-4491F87942A1}.Debug|x86.Build.0 = Debug|Any CPU
		{2F8705D7-BE3A-4B23-A110-4491F87942A1}.Release|Any CPU.ActiveCfg = Release|Any CPU
		{2F8705D7-BE3A-4B23-A110-4491F87942A1}.Release|Any CPU.Build.0 = Release|Any CPU
		{2F8705D7-BE3A-4B23-A110-4491F87942A1}.Release|x64.ActiveCfg = Release|Any CPU
		{2F8705D7-BE3A-4B23-A110-4491F87942A1}.Release|x64.Build.0 = Release|Any CPU
		{2F8705D7-BE3A-4B23-A110-4491F87942A1}.Release|x86.ActiveCfg = Release|Any CPU
		{2F8705D7-BE3A-4B23-A110-4491F87942A1}.Release|x86.Build.0 = Release|Any CPU
		{122C7B0A-4EA1-4CA7-A91B-6D67E54AFF56}.Debug|Any CPU.ActiveCfg = Debug|Any CPU
		{122C7B0A-4EA1-4CA7-A91B-6D67E54AFF56}.Debug|Any CPU.Build.0 = Debug|Any CPU
		{122C7B0A-4EA1-4CA7-A91B-6D67E54AFF56}.Debug|x64.ActiveCfg = Debug|Any CPU
		{122C7B0A-4EA1-4CA7-A91B-6D67E54AFF56}.Debug|x64.Build.0 = Debug|Any CPU
		{122C7B0A-4EA1-4CA7-A91B-6D67E54AFF56}.Debug|x86.ActiveCfg = Debug|Any CPU
		{122C7B0A-4EA1-4CA7-A91B-6D67E54AFF56}.Debug|x86.Build.0 = Debug|Any CPU
		{122C7B0A-4EA1-4CA7-A91B-6D67E54AFF56}.Release|Any CPU.ActiveCfg = Release|Any CPU
		{122C7B0A-4EA1-4CA7-A91B-6D67E54AFF56}.Release|Any CPU.Build.0 = Release|Any CPU
		{122C7B0A-4EA1-4CA7-A91B-6D67E54AFF56}.Release|x64.ActiveCfg = Release|Any CPU
		{122C7B0A-4EA1-4CA7-A91B-6D67E54AFF56}.Release|x64.Build.0 = Release|Any CPU
		{122C7B0A-4EA1-4CA7-A91B-6D67E54AFF56}.Release|x86.ActiveCfg = Release|Any CPU
		{122C7B0A-4EA1-4CA7-A91B-6D67E54AFF56}.Release|x86.Build.0 = Release|Any CPU
	EndGlobalSection
	GlobalSection(SolutionProperties) = preSolution
		HideSolutionNode = FALSE
	EndGlobalSection
	GlobalSection(NestedProjects) = preSolution
		{1882755F-0F3B-4D22-8C99-1B4315221A33} = {827E0CD3-B72D-47B6-A68D-7590B98EB39B}
		{A6753EC9-3167-4CD3-9488-3212E77A0822} = {827E0CD3-B72D-47B6-A68D-7590B98EB39B}
		{8411A2CD-085D-493C-9FE0-3BCC109F7F46} = {827E0CD3-B72D-47B6-A68D-7590B98EB39B}
		{4B4207C3-612C-48D7-834B-2F1A612095C4} = {827E0CD3-B72D-47B6-A68D-7590B98EB39B}
		{7C168721-3F89-4ACB-88C0-703C8751A45E} = {0AB3BF05-4346-4AA6-1389-037BE0695223}
		{420E1E01-BA7B-4CEA-88C9-9DD52BD2AD55} = {0AB3BF05-4346-4AA6-1389-037BE0695223}
		{2F8705D7-BE3A-4B23-A110-4491F87942A1} = {0AB3BF05-4346-4AA6-1389-037BE0695223}
		{122C7B0A-4EA1-4CA7-A91B-6D67E54AFF56} = {827E0CD3-B72D-47B6-A68D-7590B98EB39B}
	EndGlobalSection
EndGlobal
